
Microsoft Visual Studio Solution File, Format Version 12.00
# Visual Studio Version 17
VisualStudioVersion = 17.14.36429.23
MinimumVisualStudioVersion = 10.0.40219.1
Project("{FAE04EC0-301F-11D3-BF4B-00C04F79EFBC}") = "Evently.API", "Evently.API\Evently.API.csproj", "{A25382FA-04EA-4DB1-BF5B-213C38D4C5A0}"
EndProject
Project("{FAE04EC0-301F-11D3-BF4B-00C04F79EFBC}") = "Evently.Web", "..\..\frontend\Evently.Web\Evently.Web.csproj", "{805571DA-F26D-491B-BA7E-46F8C4AB56E3}"
EndProject
Global
	GlobalSection(SolutionConfigurationPlatforms) = preSolution
		Debug|Any CPU = Debug|Any CPU
		Release|Any CPU = Release|Any CPU
	EndGlobalSection
	GlobalSection(ProjectConfigurationPlatforms) = postSolution
		{A25382FA-04EA-4DB1-BF5B-213C38D4C5A0}.Debug|Any CPU.ActiveCfg = Debug|Any CPU
		{A25382FA-04EA-4DB1-BF5B-213C38D4C5A0}.Debug|Any CPU.Build.0 = Debug|Any CPU
		{A25382FA-04EA-4DB1-BF5B-213C38D4C5A0}.Release|Any CPU.ActiveCfg = Release|Any CPU
		{A25382FA-04EA-4DB1-BF5B-213C38D4C5A0}.Release|Any CPU.Build.0 = Release|Any CPU
		{805571DA-F26D-491B-BA7E-46F8C4AB56E3}.Debug|Any CPU.ActiveCfg = Debug|Any CPU
		{805571DA-F26D-491B-BA7E-46F8C4AB56E3}.Debug|Any CPU.Build.0 = Debug|Any CPU
		{805571DA-F26D-491B-BA7E-46F8C4AB56E3}.Release|Any CPU.ActiveCfg = Release|Any CPU
		{805571DA-F26D-491B-BA7E-46F8C4AB56E3}.Release|Any CPU.Build.0 = Release|Any CPU
	EndGlobalSection
	GlobalSection(SolutionProperties) = preSolution
		HideSolutionNode = FALSE
	EndGlobalSection
	GlobalSection(ExtensibilityGlobals) = postSolution
		SolutionGuid = {3D7CD461-5FE1-44E9-AEFF-9C45F0483A82}
	EndGlobalSection
EndGlobal
